
Microsoft Visual Studio Solution File, Format Version 12.00
# Visual Studio 2013
VisualStudioVersion = 12.0.30723.0
MinimumVisualStudioVersion = 10.0.40219.1
Project("{FAE04EC0-301F-11D3-BF4B-00C04F79EFBC}") = "1.ValueTypes", "1.ValueTypes\1.ValueTypes.csproj", "{595529E0-1B57-42E6-8BAA-DFB1D1BF74E5}"
EndProject
Project("{FAE04EC0-301F-11D3-BF4B-00C04F79EFBC}") = "2.AssignToFloatOrDouble", "2.AssignToFloatOrDouble\2.AssignToFloatOrDouble.csproj", "{34B455AD-B537-4632-8B15-F67123FD0AC9}"
EndProject
Project("{FAE04EC0-301F-11D3-BF4B-00C04F79EFBC}") = "3.CompareFloatWithPrecision", "3.CompareFloatWithPrecision\3.CompareFloatWithPrecision.csproj", "{E8D7553F-C55A-4648-AA94-38B32BCC171A}"
EndProject
Project("{FAE04EC0-301F-11D3-BF4B-00C04F79EFBC}") = "4.HexadecimalNumber", "4.HexadecimalNumber\4.HexadecimalNumber.csproj", "{A952AEE1-13D7-48C0-ABD1-B45862714324}"
EndProject
Project("{FAE04EC0-301F-11D3-BF4B-00C04F79EFBC}") = "5.UnicodeChar", "5.UnicodeChar\5.UnicodeChar.csproj", "{E0F3AEDE-6101-4AC0-8100-F6EB9C10C678}"
EndProject
Project("{FAE04EC0-301F-11D3-BF4B-00C04F79EFBC}") = "6.IsFemale", "6.IsFemale\6.IsFemale.csproj", "{D753821B-D255-4E46-9DBD-2987798E2BF8}"
EndProject
Project("{FAE04EC0-301F-11D3-BF4B-00C04F79EFBC}") = "7.StringConcatenation", "7.StringConcatenation\7.StringConcatenation.csproj", "{1B90510B-ECAE-4211-BF57-DD16738F42D9}"
EndProject
Project("{FAE04EC0-301F-11D3-BF4B-00C04F79EFBC}") = "8.QuotationStrings", "8.QuotationStrings\8.QuotationStrings.csproj", "{4DA49BED-3C8E-4B38-8FF1-ABC3E3283779}"
EndProject
Project("{FAE04EC0-301F-11D3-BF4B-00C04F79EFBC}") = "9.CopyrightTriangle", "9.CopyrightTriangle\9.CopyrightTriangle.csproj", "{FE3E6E85-21AE-4F02-AB03-0221C972BB07}"
EndProject
Project("{FAE04EC0-301F-11D3-BF4B-00C04F79EFBC}") = "10.EmployeeData", "10.EmployeeData\10.EmployeeData.csproj", "{C01BC7D3-9506-41AA-8682-E265B4CAF044}"
EndProject
Project("{FAE04EC0-301F-11D3-BF4B-00C04F79EFBC}") = "11.SwapValues", "11.SwapValues\11.SwapValues.csproj", "{9525732A-6062-49B5-93D8-FBECE3ABF6DA}"
EndProject
Project("{FAE04EC0-301F-11D3-BF4B-00C04F79EFBC}") = "12.PrintASCIITable", "12.PrintASCIITable\12.PrintASCIITable.csproj", "{9AFF954A-D441-4045-9451-ACD4147DCACA}"
EndProject
Project("{FAE04EC0-301F-11D3-BF4B-00C04F79EFBC}") = "13.NullValues", "13.NullValues\13.NullValues.csproj", "{9FDC9224-50EA-4D82-9311-73C460C6C715}"
EndProject
Project("{FAE04EC0-301F-11D3-BF4B-00C04F79EFBC}") = "14. BankAccount", "14. BankAccount\14. BankAccount.csproj", "{F7CC26AB-F12A-489A-AF65-AEEDA48EEEAD}"
EndProject
Global
	GlobalSection(SolutionConfigurationPlatforms) = preSolution
		Debug|Any CPU = Debug|Any CPU
		Debug|ARM = Debug|ARM
		Debug|x64 = Debug|x64
		Debug|x86 = Debug|x86
		Release|Any CPU = Release|Any CPU
		Release|ARM = Release|ARM
		Release|x64 = Release|x64
		Release|x86 = Release|x86
	EndGlobalSection
	GlobalSection(ProjectConfigurationPlatforms) = postSolution
		{595529E0-1B57-42E6-8BAA-DFB1D1BF74E5}.Debug|Any CPU.ActiveCfg = Debug|Any CPU
		{595529E0-1B57-42E6-8BAA-DFB1D1BF74E5}.Debug|Any CPU.Build.0 = Debug|Any CPU
		{595529E0-1B57-42E6-8BAA-DFB1D1BF74E5}.Debug|ARM.ActiveCfg = Debug|Any CPU
		{595529E0-1B57-42E6-8BAA-DFB1D1BF74E5}.Debug|x64.ActiveCfg = Debug|Any CPU
		{595529E0-1B57-42E6-8BAA-DFB1D1BF74E5}.Debug|x86.ActiveCfg = Debug|Any CPU
		{595529E0-1B57-42E6-8BAA-DFB1D1BF74E5}.Release|Any CPU.ActiveCfg = Release|Any CPU
		{595529E0-1B57-42E6-8BAA-DFB1D1BF74E5}.Release|Any CPU.Build.0 = Release|Any CPU
		{595529E0-1B57-42E6-8BAA-DFB1D1BF74E5}.Release|ARM.ActiveCfg = Release|Any CPU
		{595529E0-1B57-42E6-8BAA-DFB1D1BF74E5}.Release|x64.ActiveCfg = Release|Any CPU
		{595529E0-1B57-42E6-8BAA-DFB1D1BF74E5}.Release|x86.ActiveCfg = Release|Any CPU
		{34B455AD-B537-4632-8B15-F67123FD0AC9}.Debug|Any CPU.ActiveCfg = Debug|Any CPU
		{34B455AD-B537-4632-8B15-F67123FD0AC9}.Debug|Any CPU.Build.0 = Debug|Any CPU
		{34B455AD-B537-4632-8B15-F67123FD0AC9}.Debug|ARM.ActiveCfg = Debug|Any CPU
		{34B455AD-B537-4632-8B15-F67123FD0AC9}.Debug|x64.ActiveCfg = Debug|Any CPU
		{34B455AD-B537-4632-8B15-F67123FD0AC9}.Debug|x86.ActiveCfg = Debug|Any CPU
		{34B455AD-B537-4632-8B15-F67123FD0AC9}.Release|Any CPU.ActiveCfg = Release|Any CPU
		{34B455AD-B537-4632-8B15-F67123FD0AC9}.Release|Any CPU.Build.0 = Release|Any CPU
		{34B455AD-B537-4632-8B15-F67123FD0AC9}.Release|ARM.ActiveCfg = Release|Any CPU
		{34B455AD-B537-4632-8B15-F67123FD0AC9}.Release|x64.ActiveCfg = Release|Any CPU
		{34B455AD-B537-4632-8B15-F67123FD0AC9}.Release|x86.ActiveCfg = Release|Any CPU
		{E8D7553F-C55A-4648-AA94-38B32BCC171A}.Debug|Any CPU.ActiveCfg = Debug|Any CPU
		{E8D7553F-C55A-4648-AA94-38B32BCC171A}.Debug|Any CPU.Build.0 = Debug|Any CPU
		{E8D7553F-C55A-4648-AA94-38B32BCC171A}.Debug|ARM.ActiveCfg = Debug|Any CPU
		{E8D7553F-C55A-4648-AA94-38B32BCC171A}.Debug|x64.ActiveCfg = Debug|Any CPU
		{E8D7553F-C55A-4648-AA94-38B32BCC171A}.Debug|x86.ActiveCfg = Debug|Any CPU
		{E8D7553F-C55A-4648-AA94-38B32BCC171A}.Release|Any CPU.ActiveCfg = Release|Any CPU
		{E8D7553F-C55A-4648-AA94-38B32BCC171A}.Release|Any CPU.Build.0 = Release|Any CPU
		{E8D7553F-C55A-4648-AA94-38B32BCC171A}.Release|ARM.ActiveCfg = Release|Any CPU
		{E8D7553F-C55A-4648-AA94-38B32BCC171A}.Release|x64.ActiveCfg = Release|Any CPU
		{E8D7553F-C55A-4648-AA94-38B32BCC171A}.Release|x86.ActiveCfg = Release|Any CPU
		{A952AEE1-13D7-48C0-ABD1-B45862714324}.Debug|Any CPU.ActiveCfg = Debug|Any CPU
		{A952AEE1-13D7-48C0-ABD1-B45862714324}.Debug|Any CPU.Build.0 = Debug|Any CPU
		{A952AEE1-13D7-48C0-ABD1-B45862714324}.Debug|ARM.ActiveCfg = Debug|Any CPU
		{A952AEE1-13D7-48C0-ABD1-B45862714324}.Debug|x64.ActiveCfg = Debug|Any CPU
		{A952AEE1-13D7-48C0-ABD1-B45862714324}.Debug|x86.ActiveCfg = Debug|Any CPU
		{A952AEE1-13D7-48C0-ABD1-B45862714324}.Release|Any CPU.ActiveCfg = Release|Any CPU
		{A952AEE1-13D7-48C0-ABD1-B45862714324}.Release|Any CPU.Build.0 = Release|Any CPU
		{A952AEE1-13D7-48C0-ABD1-B45862714324}.Release|ARM.ActiveCfg = Release|Any CPU
		{A952AEE1-13D7-48C0-ABD1-B45862714324}.Release|x64.ActiveCfg = Release|Any CPU
		{A952AEE1-13D7-48C0-ABD1-B45862714324}.Release|x86.ActiveCfg = Release|Any CPU
		{E0F3AEDE-6101-4AC0-8100-F6EB9C10C678}.Debug|Any CPU.ActiveCfg = Debug|Any CPU
		{E0F3AEDE-6101-4AC0-8100-F6EB9C10C678}.Debug|Any CPU.Build.0 = Debug|Any CPU
		{E0F3AEDE-6101-4AC0-8100-F6EB9C10C678}.Debug|ARM.ActiveCfg = Debug|Any CPU
		{E0F3AEDE-6101-4AC0-8100-F6EB9C10C678}.Debug|x64.ActiveCfg = Debug|Any CPU
		{E0F3AEDE-6101-4AC0-8100-F6EB9C10C678}.Debug|x86.ActiveCfg = Debug|Any CPU
		{E0F3AEDE-6101-4AC0-8100-F6EB9C10C678}.Release|Any CPU.ActiveCfg = Release|Any CPU
		{E0F3AEDE-6101-4AC0-8100-F6EB9C10C678}.Release|Any CPU.Build.0 = Release|Any CPU
		{E0F3AEDE-6101-4AC0-8100-F6EB9C10C678}.Release|ARM.ActiveCfg = Release|Any CPU
		{E0F3AEDE-6101-4AC0-8100-F6EB9C10C678}.Release|x64.ActiveCfg = Release|Any CPU
		{E0F3AEDE-6101-4AC0-8100-F6EB9C10C678}.Release|x86.ActiveCfg = Release|Any CPU
		{D753821B-D255-4E46-9DBD-2987798E2BF8}.Debug|Any CPU.ActiveCfg = Debug|Any CPU
		{D753821B-D255-4E46-9DBD-2987798E2BF8}.Debug|Any CPU.Build.0 = Debug|Any CPU
		{D753821B-D255-4E46-9DBD-2987798E2BF8}.Debug|ARM.ActiveCfg = Debug|Any CPU
		{D753821B-D255-4E46-9DBD-2987798E2BF8}.Debug|x64.ActiveCfg = Debug|Any CPU
		{D753821B-D255-4E46-9DBD-2987798E2BF8}.Debug|x86.ActiveCfg = Debug|Any CPU
		{D753821B-D255-4E46-9DBD-2987798E2BF8}.Release|Any CPU.ActiveCfg = Release|Any CPU
		{D753821B-D255-4E46-9DBD-2987798E2BF8}.Release|Any CPU.Build.0 = Release|Any CPU
		{D753821B-D255-4E46-9DBD-2987798E2BF8}.Release|ARM.ActiveCfg = Release|Any CPU
		{D753821B-D255-4E46-9DBD-2987798E2BF8}.Release|x64.ActiveCfg = Release|Any CPU
		{D753821B-D255-4E46-9DBD-2987798E2BF8}.Release|x86.ActiveCfg = Release|Any CPU
		{1B90510B-ECAE-4211-BF57-DD16738F42D9}.Debug|Any CPU.ActiveCfg = Debug|Any CPU
		{1B90510B-ECAE-4211-BF57-DD16738F42D9}.Debug|Any CPU.Build.0 = Debug|Any CPU
		{1B90510B-ECAE-4211-BF57-DD16738F42D9}.Debug|ARM.ActiveCfg = Debug|Any CPU
		{1B90510B-ECAE-4211-BF57-DD16738F42D9}.Debug|x64.ActiveCfg = Debug|Any CPU
		{1B90510B-ECAE-4211-BF57-DD16738F42D9}.Debug|x86.ActiveCfg = Debug|Any CPU
		{1B90510B-ECAE-4211-BF57-DD16738F42D9}.Release|Any CPU.ActiveCfg = Release|Any CPU
		{1B90510B-ECAE-4211-BF57-DD16738F42D9}.Release|Any CPU.Build.0 = Release|Any CPU
		{1B90510B-ECAE-4211-BF57-DD16738F42D9}.Release|ARM.ActiveCfg = Release|Any CPU
		{1B90510B-ECAE-4211-BF57-DD16738F42D9}.Release|x64.ActiveCfg = Release|Any CPU
		{1B90510B-ECAE-4211-BF57-DD16738F42D9}.Release|x86.ActiveCfg = Release|Any CPU
		{4DA49BED-3C8E-4B38-8FF1-ABC3E3283779}.Debug|Any CPU.ActiveCfg = Debug|Any CPU
		{4DA49BED-3C8E-4B38-8FF1-ABC3E3283779}.Debug|Any CPU.Build.0 = Debug|Any CPU
		{4DA49BED-3C8E-4B38-8FF1-ABC3E3283779}.Debug|ARM.ActiveCfg = Debug|Any CPU
		{4DA49BED-3C8E-4B38-8FF1-ABC3E3283779}.Debug|x64.ActiveCfg = Debug|Any CPU
		{4DA49BED-3C8E-4B38-8FF1-ABC3E3283779}.Debug|x86.ActiveCfg = Debug|Any CPU
		{4DA49BED-3C8E-4B38-8FF1-ABC3E3283779}.Release|Any CPU.ActiveCfg = Release|Any CPU
		{4DA49BED-3C8E-4B38-8FF1-ABC3E3283779}.Release|Any CPU.Build.0 = Release|Any CPU
		{4DA49BED-3C8E-4B38-8FF1-ABC3E3283779}.Release|ARM.ActiveCfg = Release|Any CPU
		{4DA49BED-3C8E-4B38-8FF1-ABC3E3283779}.Release|x64.ActiveCfg = Release|Any CPU
		{4DA49BED-3C8E-4B38-8FF1-ABC3E3283779}.Release|x86.ActiveCfg = Release|Any CPU
		{FE3E6E85-21AE-4F02-AB03-0221C972BB07}.Debug|Any CPU.ActiveCfg = Debug|Any CPU
		{FE3E6E85-21AE-4F02-AB03-0221C972BB07}.Debug|Any CPU.Build.0 = Debug|Any CPU
		{FE3E6E85-21AE-4F02-AB03-0221C972BB07}.Debug|ARM.ActiveCfg = Debug|Any CPU
		{FE3E6E85-21AE-4F02-AB03-0221C972BB07}.Debug|x64.ActiveCfg = Debug|Any CPU
		{FE3E6E85-21AE-4F02-AB03-0221C972BB07}.Debug|x86.ActiveCfg = Debug|Any CPU
		{FE3E6E85-21AE-4F02-AB03-0221C972BB07}.Release|Any CPU.ActiveCfg = Release|Any CPU
		{FE3E6E85-21AE-4F02-AB03-0221C972BB07}.Release|Any CPU.Build.0 = Release|Any CPU
		{FE3E6E85-21AE-4F02-AB03-0221C972BB07}.Release|ARM.ActiveCfg = Release|Any CPU
		{FE3E6E85-21AE-4F02-AB03-0221C972BB07}.Release|x64.ActiveCfg = Release|Any CPU
		{FE3E6E85-21AE-4F02-AB03-0221C972BB07}.Release|x86.ActiveCfg = Release|Any CPU
		{C01BC7D3-9506-41AA-8682-E265B4CAF044}.Debug|Any CPU.ActiveCfg = Debug|Any CPU
		{C01BC7D3-9506-41AA-8682-E265B4CAF044}.Debug|Any CPU.Build.0 = Debug|Any CPU
		{C01BC7D3-9506-41AA-8682-E265B4CAF044}.Debug|ARM.ActiveCfg = Debug|Any CPU
		{C01BC7D3-9506-41AA-8682-E265B4CAF044}.Debug|x64.ActiveCfg = Debug|Any CPU
		{C01BC7D3-9506-41AA-8682-E265B4CAF044}.Debug|x86.ActiveCfg = Debug|Any CPU
		{C01BC7D3-9506-41AA-8682-E265B4CAF044}.Release|Any CPU.ActiveCfg = Release|Any CPU
		{C01BC7D3-9506-41AA-8682-E265B4CAF044}.Release|Any CPU.Build.0 = Release|Any CPU
		{C01BC7D3-9506-41AA-8682-E265B4CAF044}.Release|ARM.ActiveCfg = Release|Any CPU
		{C01BC7D3-9506-41AA-8682-E265B4CAF044}.Release|x64.ActiveCfg = Release|Any CPU
		{C01BC7D3-9506-41AA-8682-E265B4CAF044}.Release|x86.ActiveCfg = Release|Any CPU
		{9525732A-6062-49B5-93D8-FBECE3ABF6DA}.Debug|Any CPU.ActiveCfg = Debug|Any CPU
		{9525732A-6062-49B5-93D8-FBECE3ABF6DA}.Debug|Any CPU.Build.0 = Debug|Any CPU
		{9525732A-6062-49B5-93D8-FBECE3ABF6DA}.Debug|ARM.ActiveCfg = Debug|Any CPU
		{9525732A-6062-49B5-93D8-FBECE3ABF6DA}.Debug|x64.ActiveCfg = Debug|Any CPU
		{9525732A-6062-49B5-93D8-FBECE3ABF6DA}.Debug|x86.ActiveCfg = Debug|Any CPU
		{9525732A-6062-49B5-93D8-FBECE3ABF6DA}.Release|Any CPU.ActiveCfg = Release|Any CPU
		{9525732A-6062-49B5-93D8-FBECE3ABF6DA}.Release|Any CPU.Build.0 = Release|Any CPU
		{9525732A-6062-49B5-93D8-FBECE3ABF6DA}.Release|ARM.ActiveCfg = Release|Any CPU
		{9525732A-6062-49B5-93D8-FBECE3ABF6DA}.Release|x64.ActiveCfg = Release|Any CPU
		{9525732A-6062-49B5-93D8-FBECE3ABF6DA}.Release|x86.ActiveCfg = Release|Any CPU
		{9AFF954A-D441-4045-9451-ACD4147DCACA}.Debug|Any CPU.ActiveCfg = Debug|Any CPU
		{9AFF954A-D441-4045-9451-ACD4147DCACA}.Debug|Any CPU.Build.0 = Debug|Any CPU
		{9AFF954A-D441-4045-9451-ACD4147DCACA}.Debug|ARM.ActiveCfg = Debug|Any CPU
		{9AFF954A-D441-4045-9451-ACD4147DCACA}.Debug|x64.ActiveCfg = Debug|Any CPU
		{9AFF954A-D441-4045-9451-ACD4147DCACA}.Debug|x86.ActiveCfg = Debug|Any CPU
		{9AFF954A-D441-4045-9451-ACD4147DCACA}.Release|Any CPU.ActiveCfg = Release|Any CPU
		{9AFF954A-D441-4045-9451-ACD4147DCACA}.Release|Any CPU.Build.0 = Release|Any CPU
		{9AFF954A-D441-4045-9451-ACD4147DCACA}.Release|ARM.ActiveCfg = Release|Any CPU
		{9AFF954A-D441-4045-9451-ACD4147DCACA}.Release|x64.ActiveCfg = Release|Any CPU
		{9AFF954A-D441-4045-9451-ACD4147DCACA}.Release|x86.ActiveCfg = Release|Any CPU
		{9FDC9224-50EA-4D82-9311-73C460C6C715}.Debug|Any CPU.ActiveCfg = Debug|Any CPU
		{9FDC9224-50EA-4D82-9311-73C460C6C715}.Debug|Any CPU.Build.0 = Debug|Any CPU
		{9FDC9224-50EA-4D82-9311-73C460C6C715}.Debug|ARM.ActiveCfg = Debug|Any CPU
		{9FDC9224-50EA-4D82-9311-73C460C6C715}.Debug|x64.ActiveCfg = Debug|Any CPU
		{9FDC9224-50EA-4D82-9311-73C460C6C715}.Debug|x86.ActiveCfg = Debug|Any CPU
		{9FDC9224-50EA-4D82-9311-73C460C6C715}.Release|Any CPU.ActiveCfg = Release|Any CPU
		{9FDC9224-50EA-4D82-9311-73C460C6C715}.Release|Any CPU.Build.0 = Release|Any CPU
		{9FDC9224-50EA-4D82-9311-73C460C6C715}.Release|ARM.ActiveCfg = Release|Any CPU
		{9FDC9224-50EA-4D82-9311-73C460C6C715}.Release|x64.ActiveCfg = Release|Any CPU
		{9FDC9224-50EA-4D82-9311-73C460C6C715}.Release|x86.ActiveCfg = Release|Any CPU
		{F7CC26AB-F12A-489A-AF65-AEEDA48EEEAD}.Debug|Any CPU.ActiveCfg = Debug|Any CPU
		{F7CC26AB-F12A-489A-AF65-AEEDA48EEEAD}.Debug|Any CPU.Build.0 = Debug|Any CPU
		{F7CC26AB-F12A-489A-AF65-AEEDA48EEEAD}.Debug|ARM.ActiveCfg = Debug|Any CPU
		{F7CC26AB-F12A-489A-AF65-AEEDA48EEEAD}.Debug|x64.ActiveCfg = Debug|Any CPU
		{F7CC26AB-F12A-489A-AF65-AEEDA48EEEAD}.Debug|x86.ActiveCfg = Debug|Any CPU
		{F7CC26AB-F12A-489A-AF65-AEEDA48EEEAD}.Release|Any CPU.ActiveCfg = Release|Any CPU
		{F7CC26AB-F12A-489A-AF65-AEEDA48EEEAD}.Release|Any CPU.Build.0 = Release|Any CPU
		{F7CC26AB-F12A-489A-AF65-AEEDA48EEEAD}.Release|ARM.ActiveCfg = Release|Any CPU
		{F7CC26AB-F12A-489A-AF65-AEEDA48EEEAD}.Release|x64.ActiveCfg = Release|Any CPU
		{F7CC26AB-F12A-489A-AF65-AEEDA48EEEAD}.Release|x86.ActiveCfg = Release|Any CPU
	EndGlobalSection
	GlobalSection(SolutionProperties) = preSolution
		HideSolutionNode = FALSE
	EndGlobalSection
EndGlobal
